// !$*UTF8*$!
{
	archiveVersion = 1;
	classes = {
	};
	objectVersion = 46;
	objects = {

/* Begin PBXBuildFile section */
		391E0F3C1D6C028500844165 /* main.m in Sources */ = {isa = PBXBuildFile; fileRef = 391E0F3B1D6C028500844165 /* main.m */; };
		391E0F3F1D6C028500844165 /* AppDelegate.m in Sources */ = {isa = PBXBuildFile; fileRef = 391E0F3E1D6C028500844165 /* AppDelegate.m */; };
		391E0F421D6C028500844165 /* ViewController.m in Sources */ = {isa = PBXBuildFile; fileRef = 391E0F411D6C028500844165 /* ViewController.m */; };
		391E0F451D6C028500844165 /* Main.storyboard in Resources */ = {isa = PBXBuildFile; fileRef = 391E0F431D6C028500844165 /* Main.storyboard */; };
		391E0F471D6C028500844165 /* Assets.xcassets in Resources */ = {isa = PBXBuildFile; fileRef = 391E0F461D6C028500844165 /* Assets.xcassets */; };
		391E0F4A1D6C028500844165 /* LaunchScreen.storyboard in Resources */ = {isa = PBXBuildFile; fileRef = 391E0F481D6C028500844165 /* LaunchScreen.storyboard */; };
		391E0F551D6C028500844165 /* FuwenbenTests.m in Sources */ = {isa = PBXBuildFile; fileRef = 391E0F541D6C028500844165 /* FuwenbenTests.m */; };
		391E0F601D6C028500844165 /* FuwenbenUITests.m in Sources */ = {isa = PBXBuildFile; fileRef = 391E0F5F1D6C028500844165 /* FuwenbenUITests.m */; };
/* End PBXBuildFile section */

/* Begin PBXContainerItemProxy section */
		391E0F511D6C028500844165 /* PBXContainerItemProxy */ = {
			isa = PBXContainerItemProxy;
			containerPortal = 391E0F2F1D6C028500844165 /* Project object */;
			proxyType = 1;
			remoteGlobalIDString = 391E0F361D6C028500844165;
			remoteInfo = Fuwenben;
		};
		391E0F5C1D6C028500844165 /* PBXContainerItemProxy */ = {
			isa = PBXContainerItemProxy;
			containerPortal = 391E0F2F1D6C028500844165 /* Project object */;
			proxyType = 1;
			remoteGlobalIDString = 391E0F361D6C028500844165;
			remoteInfo = Fuwenben;
		};
/* End PBXContainerItemProxy section */

/* Begin PBXFileReference section */
		391E0F371D6C028500844165 /* Fuwenben.app */ = {isa = PBXFileReference; explicitFileType = wrapper.application; includeInIndex = 0; path = Fuwenben.app; sourceTree = BUILT_PRODUCTS_DIR; };
		391E0F3B1D6C028500844165 /* main.m */ = {isa = PBXFileReference; lastKnownFileType = sourcecode.c.objc; path = main.m; sourceTree = "<group>"; };
		391E0F3D1D6C028500844165 /* AppDelegate.h */ = {isa = PBXFileReference; lastKnownFileType = sourcecode.c.h; path = AppDelegate.h; sourceTree = "<group>"; };
		391E0F3E1D6C028500844165 /* AppDelegate.m */ = {isa = PBXFileReference; lastKnownFileType = sourcecode.c.objc; path = AppDelegate.m; sourceTree = "<group>"; };
		391E0F401D6C028500844165 /* ViewController.h */ = {isa = PBXFileReference; lastKnownFileType = sourcecode.c.h; path = ViewController.h; sourceTree = "<group>"; };
		391E0F411D6C028500844165 /* ViewController.m */ = {isa = PBXFileReference; lastKnownFileType = sourcecode.c.objc; path = ViewController.m; sourceTree = "<group>"; };
		391E0F441D6C028500844165 /* Base */ = {isa = PBXFileReference; lastKnownFileType = file.storyboard; name = Base; path = Base.lproj/Main.storyboard; sourceTree = "<group>"; };
		391E0F461D6C028500844165 /* Assets.xcassets */ = {isa = PBXFileReference; lastKnownFileType = folder.assetcatalog; path = Assets.xcassets; sourceTree = "<group>"; };
		391E0F491D6C028500844165 /* Base */ = {isa = PBXFileReference; lastKnownFileType = file.storyboard; name = Base; path = Base.lproj/LaunchScreen.storyboard; sourceTree = "<group>"; };
		391E0F4B1D6C028500844165 /* Info.plist */ = {isa = PBXFileReference; lastKnownFileType = text.plist.xml; path = Info.plist; sourceTree = "<group>"; };
		391E0F501D6C028500844165 /* FuwenbenTests.xctest */ = {isa = PBXFileReference; explicitFileType = wrapper.cfbundle; includeInIndex = 0; path = FuwenbenTests.xctest; sourceTree = BUILT_PRODUCTS_DIR; };
		391E0F541D6C028500844165 /* FuwenbenTests.m */ = {isa = PBXFileReference; lastKnownFileType = sourcecode.c.objc; path = FuwenbenTests.m; sourceTree = "<group>"; };
		391E0F561D6C028500844165 /* Info.plist */ = {isa = PBXFileReference; lastKnownFileType = text.plist.xml; path = Info.plist; sourceTree = "<group>"; };
		391E0F5B1D6C028500844165 /* FuwenbenUITests.xctest */ = {isa = PBXFileReference; explicitFileType = wrapper.cfbundle; includeInIndex = 0; path = FuwenbenUITests.xctest; sourceTree = BUILT_PRODUCTS_DIR; };
		391E0F5F1D6C028500844165 /* FuwenbenUITests.m */ = {isa = PBXFileReference; lastKnownFileType = sourcecode.c.objc; path = FuwenbenUITests.m; sourceTree = "<group>"; };
		391E0F611D6C028500844165 /* Info.plist */ = {isa = PBXFileReference; lastKnownFileType = text.plist.xml; path = Info.plist; sourceTree = "<group>"; };
/* End PBXFileReference section */

/* Begin PBXFrameworksBuildPhase section */
		391E0F341D6C028500844165 /* Frameworks */ = {
			isa = PBXFrameworksBuildPhase;
			buildActionMask = 2147483647;
			files = (
			);
			runOnlyForDeploymentPostprocessing = 0;
		};
		391E0F4D1D6C028500844165 /* Frameworks */ = {
			isa = PBXFrameworksBuildPhase;
			buildActionMask = 2147483647;
			files = (
			);
			runOnlyForDeploymentPostprocessing = 0;
		};
		391E0F581D6C028500844165 /* Frameworks */ = {
			isa = PBXFrameworksBuildPhase;
			buildActionMask = 2147483647;
			files = (
			);
			runOnlyForDeploymentPostprocessing = 0;
		};
/* End PBXFrameworksBuildPhase section */

/* Begin PBXGroup section */
		391E0F2E1D6C028500844165 = {
			isa = PBXGroup;
			children = (
				391E0F391D6C028500844165 /* Fuwenben */,
				391E0F531D6C028500844165 /* FuwenbenTests */,
				391E0F5E1D6C028500844165 /* FuwenbenUITests */,
				391E0F381D6C028500844165 /* Products */,
			);
			sourceTree = "<group>";
		};
		391E0F381D6C028500844165 /* Products */ = {
			isa = PBXGroup;
			children = (
				391E0F371D6C028500844165 /* Fuwenben.app */,
				391E0F501D6C028500844165 /* FuwenbenTests.xctest */,
				391E0F5B1D6C028500844165 /* FuwenbenUITests.xctest */,
			);
			name = Products;
			sourceTree = "<group>";
		};
		391E0F391D6C028500844165 /* Fuwenben */ = {
			isa = PBXGroup;
			children = (
				391E0F3D1D6C028500844165 /* AppDelegate.h */,
				391E0F3E1D6C028500844165 /* AppDelegate.m */,
				391E0F401D6C028500844165 /* ViewController.h */,
				391E0F411D6C028500844165 /* ViewController.m */,
				391E0F431D6C028500844165 /* Main.storyboard */,
				391E0F461D6C028500844165 /* Assets.xcassets */,
				391E0F481D6C028500844165 /* LaunchScreen.storyboard */,
				391E0F4B1D6C028500844165 /* Info.plist */,
				391E0F3A1D6C028500844165 /* Supporting Files */,
			);
			path = Fuwenben;
			sourceTree = "<group>";
		};
		391E0F3A1D6C028500844165 /* Supporting Files */ = {
			isa = PBXGroup;
			children = (
				391E0F3B1D6C028500844165 /* main.m */,
			);
			name = "Supporting Files";
			sourceTree = "<group>";
		};
		391E0F531D6C028500844165 /* FuwenbenTests */ = {
			isa = PBXGroup;
			children = (
				391E0F541D6C028500844165 /* FuwenbenTests.m */,
				391E0F561D6C028500844165 /* Info.plist */,
			);
			path = FuwenbenTests;
			sourceTree = "<group>";
		};
		391E0F5E1D6C028500844165 /* FuwenbenUITests */ = {
			isa = PBXGroup;
			children = (
				391E0F5F1D6C028500844165 /* FuwenbenUITests.m */,
				391E0F611D6C028500844165 /* Info.plist */,
			);
			path = FuwenbenUITests;
			sourceTree = "<group>";
		};
/* End PBXGroup section */

/* Begin PBXNativeTarget section */
		391E0F361D6C028500844165 /* Fuwenben */ = {
			isa = PBXNativeTarget;
			buildConfigurationList = 391E0F641D6C028500844165 /* Build configuration list for PBXNativeTarget "Fuwenben" */;
			buildPhases = (
				391E0F331D6C028500844165 /* Sources */,
				391E0F341D6C028500844165 /* Frameworks */,
				391E0F351D6C028500844165 /* Resources */,
			);
			buildRules = (
			);
			dependencies = (
			);
			name = Fuwenben;
			productName = Fuwenben;
			productReference = 391E0F371D6C028500844165 /* Fuwenben.app */;
			productType = "com.apple.product-type.application";
		};
		391E0F4F1D6C028500844165 /* FuwenbenTests */ = {
			isa = PBXNativeTarget;
			buildConfigurationList = 391E0F671D6C028500844165 /* Build configuration list for PBXNativeTarget "FuwenbenTests" */;
			buildPhases = (
				391E0F4C1D6C028500844165 /* Sources */,
				391E0F4D1D6C028500844165 /* Frameworks */,
				391E0F4E1D6C028500844165 /* Resources */,
			);
			buildRules = (
			);
			dependencies = (
				391E0F521D6C028500844165 /* PBXTargetDependency */,
			);
			name = FuwenbenTests;
			productName = FuwenbenTests;
			productReference = 391E0F501D6C028500844165 /* FuwenbenTests.xctest */;
			productType = "com.apple.product-type.bundle.unit-test";
		};
		391E0F5A1D6C028500844165 /* FuwenbenUITests */ = {
			isa = PBXNativeTarget;
			buildConfigurationList = 391E0F6A1D6C028500844165 /* Build configuration list for PBXNativeTarget "FuwenbenUITests" */;
			buildPhases = (
				391E0F571D6C028500844165 /* Sources */,
				391E0F581D6C028500844165 /* Frameworks */,
				391E0F591D6C028500844165 /* Resources */,
			);
			buildRules = (
			);
			dependencies = (
				391E0F5D1D6C028500844165 /* PBXTargetDependency */,
			);
			name = FuwenbenUITests;
			productName = FuwenbenUITests;
			productReference = 391E0F5B1D6C028500844165 /* FuwenbenUITests.xctest */;
			productType = "com.apple.product-type.bundle.ui-testing";
		};
/* End PBXNativeTarget section */

/* Begin PBXProject section */
		391E0F2F1D6C028500844165 /* Project object */ = {
			isa = PBXProject;
			attributes = {
				LastUpgradeCheck = 0710;
				ORGANIZATIONNAME = LQM;
				TargetAttributes = {
					391E0F361D6C028500844165 = {
						CreatedOnToolsVersion = 7.1;
					};
					391E0F4F1D6C028500844165 = {
						CreatedOnToolsVersion = 7.1;
						TestTargetID = 391E0F361D6C028500844165;
					};
					391E0F5A1D6C028500844165 = {
						CreatedOnToolsVersion = 7.1;
						TestTargetID = 391E0F361D6C028500844165;
					};
				};
			};
			buildConfigurationList = 391E0F321D6C028500844165 /* Build configuration list for PBXProject "Fuwenben" */;
			compatibilityVersion = "Xcode 3.2";
			developmentRegion = English;
			hasScannedForEncodings = 0;
			knownRegions = (
				en,
				Base,
			);
			mainGroup = 391E0F2E1D6C028500844165;
			productRefGroup = 391E0F381D6C028500844165 /* Products */;
			projectDirPath = "";
			projectRoot = "";
			targets = (
				391E0F361D6C028500844165 /* Fuwenben */,
				391E0F4F1D6C028500844165 /* FuwenbenTests */,
				391E0F5A1D6C028500844165 /* FuwenbenUITests */,
			);
		};
/* End PBXProject section */

/* Begin PBXResourcesBuildPhase section */
		391E0F351D6C028500844165 /* Resources */ = {
			isa = PBXResourcesBuildPhase;
			buildActionMask = 2147483647;
			files = (
				391E0F4A1D6C028500844165 /* LaunchScreen.storyboard in Resources */,
				391E0F471D6C028500844165 /* Assets.xcassets in Resources */,
				391E0F451D6C028500844165 /* Main.storyboard in Resources */,
			);
			runOnlyForDeploymentPostprocessing = 0;
		};
		391E0F4E1D6C028500844165 /* Resources */ = {
			isa = PBXResourcesBuildPhase;
			buildActionMask = 2147483647;
			files = (
			);
			runOnlyForDeploymentPostprocessing = 0;
		};
		391E0F591D6C028500844165 /* Resources */ = {
			isa = PBXResourcesBuildPhase;
			buildActionMask = 2147483647;
			files = (
			);
			runOnlyForDeploymentPostprocessing = 0;
		};
/* End PBXResourcesBuildPhase section */

/* Begin PBXSourcesBuildPhase section */
		391E0F331D6C028500844165 /* Sources */ = {
			isa = PBXSourcesBuildPhase;
			buildActionMask = 2147483647;
			files = (
				391E0F421D6C028500844165 /* ViewController.m in Sources */,
				391E0F3F1D6C028500844165 /* AppDelegate.m in Sources */,
				391E0F3C1D6C028500844165 /* main.m in Sources */,
			);
			runOnlyForDeploymentPostprocessing = 0;
		};
		391E0F4C1D6C028500844165 /* Sources */ = {
			isa = PBXSourcesBuildPhase;
			buildActionMask = 2147483647;
			files = (
				391E0F551D6C028500844165 /* FuwenbenTests.m in Sources */,
			);
			runOnlyForDeploymentPostprocessing = 0;
		};
		391E0F571D6C028500844165 /* Sources */ = {
			isa = PBXSourcesBuildPhase;
			buildActionMask = 2147483647;
			files = (
				391E0F601D6C028500844165 /* FuwenbenUITests.m in Sources */,
			);
			runOnlyForDeploymentPostprocessing = 0;
		};
/* End PBXSourcesBuildPhase section */

/* Begin PBXTargetDependency section */
		391E0F521D6C028500844165 /* PBXTargetDependency */ = {
			isa = PBXTargetDependency;
			target = 391E0F361D6C028500844165 /* Fuwenben */;
			targetProxy = 391E0F511D6C028500844165 /* PBXContainerItemProxy */;
		};
		391E0F5D1D6C028500844165 /* PBXTargetDependency */ = {
			isa = PBXTargetDependency;
			target = 391E0F361D6C028500844165 /* Fuwenben */;
			targetProxy = 391E0F5C1D6C028500844165 /* PBXContainerItemProxy */;
		};
/* End PBXTargetDependency section */

/* Begin PBXVariantGroup section */
		391E0F431D6C028500844165 /* Main.storyboard */ = {
			isa = PBXVariantGroup;
			children = (
				391E0F441D6C028500844165 /* Base */,
			);
			name = Main.storyboard;
			sourceTree = "<group>";
		};
		391E0F481D6C028500844165 /* LaunchScreen.storyboard */ = {
			isa = PBXVariantGroup;
			children = (
				391E0F491D6C028500844165 /* Base */,
			);
			name = LaunchScreen.storyboard;
			sourceTree = "<group>";
		};
/* End PBXVariantGroup section */

/* Begin XCBuildConfiguration section */
		391E0F621D6C028500844165 /* Debug */ = {
			isa = XCBuildConfiguration;
			buildSettings = {
				ALWAYS_SEARCH_USER_PATHS = NO;
				CLANG_CXX_LANGUAGE_STANDARD = "gnu++0x";
				CLANG_CXX_LIBRARY = "libc++";
				CLANG_ENABLE_MODULES = YES;
				CLANG_ENABLE_OBJC_ARC = YES;
				CLANG_WARN_BOOL_CONVERSION = YES;
				CLANG_WARN_CONSTANT_CONVERSION = YES;
				CLANG_WARN_DIRECT_OBJC_ISA_USAGE = YES_ERROR;
				CLANG_WARN_EMPTY_BODY = YES;
				CLANG_WARN_ENUM_CONVERSION = YES;
				CLANG_WARN_INT_CONVERSION = YES;
				CLANG_WARN_OBJC_ROOT_CLASS = YES_ERROR;
				CLANG_WARN_UNREACHABLE_CODE = YES;
				CLANG_WARN__DUPLICATE_METHOD_MATCH = YES;
				"CODE_SIGN_IDENTITY[sdk=iphoneos*]" = "iPhone Developer";
				COPY_PHASE_STRIP = NO;
				DEBUG_INFORMATION_FORMAT = dwarf;
				ENABLE_STRICT_OBJC_MSGSEND = YES;
				ENABLE_TESTABILITY = YES;
				GCC_C_LANGUAGE_STANDARD = gnu99;
				GCC_DYNAMIC_NO_PIC = NO;
				GCC_NO_COMMON_BLOCKS = YES;
				GCC_OPTIMIZATION_LEVEL = 0;
				GCC_PREPROCESSOR_DEFINITIONS = (
					"DEBUG=1",
					"$(inherited)",
				);
				GCC_WARN_64_TO_32_BIT_CONVERSION = YES;
				GCC_WARN_ABOUT_RETURN_TYPE = YES_ERROR;
				GCC_WARN_UNDECLARED_SELECTOR = YES;
				GCC_WARN_UNINITIALIZED_AUTOS = YES_AGGRESSIVE;
				GCC_WARN_UNUSED_FUNCTION = YES;
				GCC_WARN_UNUSED_VARIABLE = YES;
				IPHONEOS_DEPLOYMENT_TARGET = 9.1;
				MTL_ENABLE_DEBUG_INFO = YES;
				ONLY_ACTIVE_ARCH = YES;
				SDKROOT = iphoneos;
				TARGETED_DEVICE_FAMILY = "1,2";
			};
			name = Debug;
		};
		391E0F631D6C028500844165 /* Release */ = {
			isa = XCBuildConfiguration;
			buildSettings = {
				ALWAYS_SEARCH_USER_PATHS = NO;
				CLANG_CXX_LANGUAGE_STANDARD = "gnu++0x";
				CLANG_CXX_LIBRARY = "libc++";
				CLANG_ENABLE_MODULES = YES;
				CLANG_ENABLE_OBJC_ARC = YES;
				CLANG_WARN_BOOL_CONVERSION = YES;
				CLANG_WARN_CONSTANT_CONVERSION = YES;
				CLANG_WARN_DIRECT_OBJC_ISA_USAGE = YES_ERROR;
				CLANG_WARN_EMPTY_BODY = YES;
				CLANG_WARN_ENUM_CONVERSION = YES;
				CLANG_WARN_INT_CONVERSION = YES;
				CLANG_WARN_OBJC_ROOT_CLASS = YES_ERROR;
				CLANG_WARN_UNREACHABLE_CODE = YES;
				CLANG_WARN__DUPLICATE_METHOD_MATCH = YES;
				"CODE_SIGN_IDENTITY[sdk=iphoneos*]" = "iPhone Developer";
				COPY_PHASE_STRIP = NO;
				DEBUG_INFORMATION_FORMAT = "dwarf-with-dsym";
				ENABLE_NS_ASSERTIONS = NO;
				ENABLE_STRICT_OBJC_MSGSEND = YES;
				GCC_C_LANGUAGE_STANDARD = gnu99;
				GCC_NO_COMMON_BLOCKS = YES;
				GCC_WARN_64_TO_32_BIT_CONVERSION = YES;
				GCC_WARN_ABOUT_RETURN_TYPE = YES_ERROR;
				GCC_WARN_UNDECLARED_SELECTOR = YES;
				GCC_WARN_UNINITIALIZED_AUTOS = YES_AGGRESSIVE;
				GCC_WARN_UNUSED_FUNCTION = YES;
				GCC_WARN_UNUSED_VARIABLE = YES;
				IPHONEOS_DEPLOYMENT_TARGET = 9.1;
				MTL_ENABLE_DEBUG_INFO = NO;
				SDKROOT = iphoneos;
				TARGETED_DEVICE_FAMILY = "1,2";
				VALIDATE_PRODUCT = YES;
			};
			name = Release;
		};
		391E0F651D6C028500844165 /* Debug */ = {
			isa = XCBuildConfiguration;
			buildSettings = {
				ASSETCATALOG_COMPILER_APPICON_NAME = AppIcon;
				INFOPLIST_FILE = Fuwenben/Info.plist;
				LD_RUNPATH_SEARCH_PATHS = "$(inherited) @executable_path/Frameworks";
				PRODUCT_BUNDLE_IDENTIFIER = lqm.Fuwenben;
				PRODUCT_NAME = "$(TARGET_NAME)";
			};
			name = Debug;
		};
		391E0F661D6C028500844165 /* Release */ = {
			isa = XCBuildConfiguration;
			buildSettings = {
				ASSETCATALOG_COMPILER_APPICON_NAME = AppIcon;
				INFOPLIST_FILE = Fuwenben/Info.plist;
				LD_RUNPATH_SEARCH_PATHS = "$(inherited) @executable_path/Frameworks";
				PRODUCT_BUNDLE_IDENTIFIER = lqm.Fuwenben;
				PRODUCT_NAME = "$(TARGET_NAME)";
			};
			name = Release;
		};
		391E0F681D6C028500844165 /* Debug */ = {
			isa = XCBuildConfiguration;
			buildSettings = {
				BUNDLE_LOADER = "$(TEST_HOST)";
				INFOPLIST_FILE = FuwenbenTests/Info.plist;
				LD_RUNPATH_SEARCH_PATHS = "$(inherited) @executable_path/Frameworks @loader_path/Frameworks";
				PRODUCT_BUNDLE_IDENTIFIER = lqm.FuwenbenTests;
				PRODUCT_NAME = "$(TARGET_NAME)";
				TEST_HOST = "$(BUILT_PRODUCTS_DIR)/Fuwenben.app/Fuwenben";
			};
			name = Debug;
		};
		391E0F691D6C028500844165 /* Release */ = {
			isa = XCBuildConfiguration;
			buildSettings = {
				BUNDLE_LOADER = "$(TEST_HOST)";
				INFOPLIST_FILE = FuwenbenTests/Info.plist;
				LD_RUNPATH_SEARCH_PATHS = "$(inherited) @executable_path/Frameworks @loader_path/Frameworks";
				PRODUCT_BUNDLE_IDENTIFIER = lqm.FuwenbenTests;
				PRODUCT_NAME = "$(TARGET_NAME)";
				TEST_HOST = "$(BUILT_PRODUCTS_DIR)/Fuwenben.app/Fuwenben";
			};
			name = Release;
		};
		391E0F6B1D6C028500844165 /* Debug */ = {
			isa = XCBuildConfiguration;
			buildSettings = {
				INFOPLIST_FILE = FuwenbenUITests/Info.plist;
				LD_RUNPATH_SEARCH_PATHS = "$(inherited) @executable_path/Frameworks @loader_path/Frameworks";
				PRODUCT_BUNDLE_IDENTIFIER = lqm.FuwenbenUITests;
				PRODUCT_NAME = "$(TARGET_NAME)";
				TEST_TARGET_NAME = Fuwenben;
				USES_XCTRUNNER = YES;
			};
			name = Debug;
		};
		391E0F6C1D6C028500844165 /* Release */ = {
			isa = XCBuildConfiguration;
			buildSettings = {
				INFOPLIST_FILE = FuwenbenUITests/Info.plist;
				LD_RUNPATH_SEARCH_PATHS = "$(inherited) @executable_path/Frameworks @loader_path/Frameworks";
				PRODUCT_BUNDLE_IDENTIFIER = lqm.FuwenbenUITests;
				PRODUCT_NAME = "$(TARGET_NAME)";
				TEST_TARGET_NAME = Fuwenben;
				USES_XCTRUNNER = YES;
			};
			name = Release;
		};
/* End XCBuildConfiguration section */

/* Begin XCConfigurationList section */
		391E0F321D6C028500844165 /* Build configuration list for PBXProject "Fuwenben" */ = {
			isa = XCConfigurationList;
			buildConfigurations = (
				391E0F621D6C028500844165 /* Debug */,
				391E0F631D6C028500844165 /* Release */,
			);
			defaultConfigurationIsVisible = 0;
			defaultConfigurationName = Release;
		};
		391E0F641D6C028500844165 /* Build configuration list for PBXNativeTarget "Fuwenben" */ = {
			isa = XCConfigurationList;
			buildConfigurations = (
				391E0F651D6C028500844165 /* Debug */,
				391E0F661D6C028500844165 /* Release */,
			);
			defaultConfigurationIsVisible = 0;
		};
		391E0F671D6C028500844165 /* Build configuration list for PBXNativeTarget "FuwenbenTests" */ = {
			isa = XCConfigurationList;
			buildConfigurations = (
				391E0F681D6C028500844165 /* Debug */,
				391E0F691D6C028500844165 /* Release */,
			);
			defaultConfigurationIsVisible = 0;
		};
		391E0F6A1D6C028500844165 /* Build configuration list for PBXNativeTarget "FuwenbenUITests" */ = {
			isa = XCConfigurationList;
			buildConfigurations = (
				391E0F6B1D6C028500844165 /* Debug */,
				391E0F6C1D6C028500844165 /* Release */,
			);
			defaultConfigurationIsVisible = 0;
		};
/* End XCConfigurationList section */
	};
	rootObject = 391E0F2F1D6C028500844165 /* Project object */;
}
